
Microsoft Visual Studio Solution File, Format Version 12.00
# Visual Studio Version 16
VisualStudioVersion = 16.0.30320.27
MinimumVisualStudioVersion = 10.0.40219.1
Project("{FAE04EC0-301F-11D3-BF4B-00C04F79EFBC}") = "OOP_SimpleConsoleApp", "OOP_SimpleConsoleApp\OOP_SimpleConsoleApp.csproj", "{C75BF48D-6ACA-4E12-87EA-0BB23ECA7848}"
EndProject
Global
	GlobalSection(SolutionConfigurationPlatforms) = preSolution
		Debug|Any CPU = Debug|Any CPU
		Release|Any CPU = Release|Any CPU
	EndGlobalSection
	GlobalSection(ProjectConfigurationPlatforms) = postSolution
		{C75BF48D-6ACA-4E12-87EA-0BB23ECA7848}.Debug|Any CPU.ActiveCfg = Debug|Any CPU
		{C75BF48D-6ACA-4E12-87EA-0BB23ECA7848}.Debug|Any CPU.Build.0 = Debug|Any CPU
		{C75BF48D-6ACA-4E12-87EA-0BB23ECA7848}.Release|Any CPU.ActiveCfg = Release|Any CPU
		{C75BF48D-6ACA-4E12-87EA-0BB23ECA7848}.Release|Any CPU.Build.0 = Release|Any CPU
	EndGlobalSection
	GlobalSection(SolutionProperties) = preSolution
		HideSolutionNode = FALSE
	EndGlobalSection
	GlobalSection(ExtensibilityGlobals) = postSolution
		SolutionGuid = {CDD5E7F3-38EA-4F15-9125-1D487330DF69}
	EndGlobalSection
EndGlobal
